{
  "version": 4,
  "terraform_version": "1.3.9",
  "serial": 1,
  "lineage": "ceaa3fc8-1d12-02df-07c2-14097e368295",
  "outputs": {},
  "resources": [
    {
      "mode": "managed",
      "type": "local_file",
      "name": "devops",
      "provider": "provider[\"registry.terraform.io/hashicorp/local\"]",
      "instances": [
        {
          "schema_version": 0,
          "attributes": {
            "content": "I Want to become Devops engineer",
            "content_base64": null,
            "directory_permission": "0777",
            "file_permission": "0777",
            "filename": "/home/ubuntu/terraform/terraform-local/devops_automated.txt",
            "id": "45c91599854ab8b3141ea492b39cb2cbde02cff7",
            "sensitive_content": null,
            "source": null
          },
          "sensitive_attributes": []
        }
      ]
    }
  ],
  "check_results": null
}
